// !$*UTF8*$!
{
	archiveVersion = 1;
	classes = {
	};
	objectVersion = 46;
	objects = {

/* Begin PBXBuildFile section */
		5C0BCB4514D850700014D615 /* SB-SJ-API.m in Sources */ = {isa = PBXBuildFile; fileRef = 5C0BCB4414D850700014D615 /* SB-SJ-API.m */; };
		5C5E124C14C40D14003C79F0 /* UIKit.framework in Frameworks */ = {isa = PBXBuildFile; fileRef = 5C5E124B14C40D14003C79F0 /* UIKit.framework */; };
		5C5E124E14C40D14003C79F0 /* Foundation.framework in Frameworks */ = {isa = PBXBuildFile; fileRef = 5C5E124D14C40D14003C79F0 /* Foundation.framework */; };
		5C5E125014C40D14003C79F0 /* CoreGraphics.framework in Frameworks */ = {isa = PBXBuildFile; fileRef = 5C5E124F14C40D14003C79F0 /* CoreGraphics.framework */; };
		5C5E125614C40D14003C79F0 /* InfoPlist.strings in Resources */ = {isa = PBXBuildFile; fileRef = 5C5E125414C40D14003C79F0 /* InfoPlist.strings */; };
		5C5E125814C40D14003C79F0 /* main.m in Sources */ = {isa = PBXBuildFile; fileRef = 5C5E125714C40D14003C79F0 /* main.m */; };
		5C5E125C14C40D14003C79F0 /* PendelnAppDelegate.m in Sources */ = {isa = PBXBuildFile; fileRef = 5C5E125B14C40D14003C79F0 /* PendelnAppDelegate.m */; };
		5C5E125F14C40D14003C79F0 /* MainStoryboard.storyboard in Resources */ = {isa = PBXBuildFile; fileRef = 5C5E125D14C40D14003C79F0 /* MainStoryboard.storyboard */; };
		5C5E126214C40D14003C79F0 /* PendelnViewController.m in Sources */ = {isa = PBXBuildFile; fileRef = 5C5E126114C40D14003C79F0 /* PendelnViewController.m */; };
		5C5E126A14C40D99003C79F0 /* PendelnTableViewController.m in Sources */ = {isa = PBXBuildFile; fileRef = 5C5E126914C40D99003C79F0 /* PendelnTableViewController.m */; };
		5C736B8616BC08F300B6CC35 /* tableCellBg.png in Resources */ = {isa = PBXBuildFile; fileRef = 5C736B8516BC08F300B6CC35 /* tableCellBg.png */; };
		5C9E107016BF978C009903E5 /* SettingsTVC.m in Sources */ = {isa = PBXBuildFile; fileRef = 5C9E106F16BF978C009903E5 /* SettingsTVC.m */; };
		5C9E107316BFA721009903E5 /* StationsListTVC.m in Sources */ = {isa = PBXBuildFile; fileRef = 5C9E107216BFA721009903E5 /* StationsListTVC.m */; };
		5CBB9D7316B7C0CB00E27A34 /* MBProgressHUD.m in Sources */ = {isa = PBXBuildFile; fileRef = 5CBB9D7216B7C0CB00E27A34 /* MBProgressHUD.m */; };
		5CBB9D7616B8208C00E27A34 /* PullToRefreshView.m in Sources */ = {isa = PBXBuildFile; fileRef = 5CBB9D7516B8208C00E27A34 /* PullToRefreshView.m */; };
		5CBB9D7B16B8210800E27A34 /* arrow.png in Resources */ = {isa = PBXBuildFile; fileRef = 5CBB9D7716B8210800E27A34 /* arrow.png */; };
		5CBB9D7C16B8210800E27A34 /* arrow@2x.png in Resources */ = {isa = PBXBuildFile; fileRef = 5CBB9D7816B8210800E27A34 /* arrow@2x.png */; };
		5CBB9D7D16B8210800E27A34 /* pop.wav in Resources */ = {isa = PBXBuildFile; fileRef = 5CBB9D7916B8210800E27A34 /* pop.wav */; };
		5CBB9D7E16B8210800E27A34 /* psst1.wav in Resources */ = {isa = PBXBuildFile; fileRef = 5CBB9D7A16B8210800E27A34 /* psst1.wav */; };
		5CBB9D8116B821E000E27A34 /* QuartzCore.framework in Frameworks */ = {isa = PBXBuildFile; fileRef = 5CBB9D8016B821E000E27A34 /* QuartzCore.framework */; };
		5CC6AA8E16BA52790012F514 /* trainCell.m in Sources */ = {isa = PBXBuildFile; fileRef = 5CC6AA8D16BA52790012F514 /* trainCell.m */; };
		5CD20F6F14DAFB0A00BE45C0 /* API-dumps.rtf in Resources */ = {isa = PBXBuildFile; fileRef = 5CD20F6E14DAFB0A00BE45C0 /* API-dumps.rtf */; };
		5CD69FB514DC3E100039CA07 /* Settings.m in Sources */ = {isa = PBXBuildFile; fileRef = 5CD69FB414DC3E100039CA07 /* Settings.m */; };
		5CFE868E16B192CF0040882E /* CoreLocation.framework in Frameworks */ = {isa = PBXBuildFile; fileRef = 5CFE868D16B192CF0040882E /* CoreLocation.framework */; };
		5CFE869216B1934A0040882E /* CoreLocationController.m in Sources */ = {isa = PBXBuildFile; fileRef = 5CFE869116B1934A0040882E /* CoreLocationController.m */; };
/* End PBXBuildFile section */

/* Begin PBXFileReference section */
		5C0BCB4314D850700014D615 /* SB-SJ-API.h */ = {isa = PBXFileReference; fileEncoding = 4; lastKnownFileType = sourcecode.c.h; path = "SB-SJ-API.h"; sourceTree = "<group>"; };
		5C0BCB4414D850700014D615 /* SB-SJ-API.m */ = {isa = PBXFileReference; fileEncoding = 4; lastKnownFileType = sourcecode.c.objc; path = "SB-SJ-API.m"; sourceTree = "<group>"; };
		5C5E124714C40D14003C79F0 /* Pendeln.app */ = {isa = PBXFileReference; explicitFileType = wrapper.application; includeInIndex = 0; path = Pendeln.app; sourceTree = BUILT_PRODUCTS_DIR; };
		5C5E124B14C40D14003C79F0 /* UIKit.framework */ = {isa = PBXFileReference; lastKnownFileType = wrapper.framework; name = UIKit.framework; path = System/Library/Frameworks/UIKit.framework; sourceTree = SDKROOT; };
		5C5E124D14C40D14003C79F0 /* Foundation.framework */ = {isa = PBXFileReference; lastKnownFileType = wrapper.framework; name = Foundation.framework; path = System/Library/Frameworks/Foundation.framework; sourceTree = SDKROOT; };
		5C5E124F14C40D14003C79F0 /* CoreGraphics.framework */ = {isa = PBXFileReference; lastKnownFileType = wrapper.framework; name = CoreGraphics.framework; path = System/Library/Frameworks/CoreGraphics.framework; sourceTree = SDKROOT; };
		5C5E125314C40D14003C79F0 /* Pendeln-Info.plist */ = {isa = PBXFileReference; lastKnownFileType = text.plist.xml; path = "Pendeln-Info.plist"; sourceTree = "<group>"; };
		5C5E125514C40D14003C79F0 /* en */ = {isa = PBXFileReference; lastKnownFileType = text.plist.strings; name = en; path = en.lproj/InfoPlist.strings; sourceTree = "<group>"; };
		5C5E125714C40D14003C79F0 /* main.m */ = {isa = PBXFileReference; lastKnownFileType = sourcecode.c.objc; path = main.m; sourceTree = "<group>"; };
		5C5E125914C40D14003C79F0 /* Pendeln-Prefix.pch */ = {isa = PBXFileReference; lastKnownFileType = sourcecode.c.h; path = "Pendeln-Prefix.pch"; sourceTree = "<group>"; };
		5C5E125A14C40D14003C79F0 /* PendelnAppDelegate.h */ = {isa = PBXFileReference; lastKnownFileType = sourcecode.c.h; name = PendelnAppDelegate.h; path = Pendeln/PendelnAppDelegate.h; sourceTree = "<group>"; };
		5C5E125B14C40D14003C79F0 /* PendelnAppDelegate.m */ = {isa = PBXFileReference; lastKnownFileType = sourcecode.c.objc; name = PendelnAppDelegate.m; path = Pendeln/PendelnAppDelegate.m; sourceTree = "<group>"; };
		5C5E125E14C40D14003C79F0 /* en */ = {isa = PBXFileReference; lastKnownFileType = file.storyboard; name = en; path = en.lproj/MainStoryboard.storyboard; sourceTree = "<group>"; };
		5C5E126014C40D14003C79F0 /* PendelnViewController.h */ = {isa = PBXFileReference; lastKnownFileType = sourcecode.c.h; name = PendelnViewController.h; path = Pendeln/PendelnViewController.h; sourceTree = "<group>"; };
		5C5E126114C40D14003C79F0 /* PendelnViewController.m */ = {isa = PBXFileReference; lastKnownFileType = sourcecode.c.objc; name = PendelnViewController.m; path = Pendeln/PendelnViewController.m; sourceTree = "<group>"; };
		5C5E126814C40D99003C79F0 /* PendelnTableViewController.h */ = {isa = PBXFileReference; fileEncoding = 4; lastKnownFileType = sourcecode.c.h; path = PendelnTableViewController.h; sourceTree = "<group>"; };
		5C5E126914C40D99003C79F0 /* PendelnTableViewController.m */ = {isa = PBXFileReference; fileEncoding = 4; lastKnownFileType = sourcecode.c.objc; path = PendelnTableViewController.m; sourceTree = "<group>"; };
		5C736B8516BC08F300B6CC35 /* tableCellBg.png */ = {isa = PBXFileReference; lastKnownFileType = image.png; path = tableCellBg.png; sourceTree = "<group>"; };
		5C9E106E16BF978C009903E5 /* SettingsTVC.h */ = {isa = PBXFileReference; fileEncoding = 4; lastKnownFileType = sourcecode.c.h; path = SettingsTVC.h; sourceTree = "<group>"; };
		5C9E106F16BF978C009903E5 /* SettingsTVC.m */ = {isa = PBXFileReference; fileEncoding = 4; lastKnownFileType = sourcecode.c.objc; path = SettingsTVC.m; sourceTree = "<group>"; };
		5C9E107116BFA721009903E5 /* StationsListTVC.h */ = {isa = PBXFileReference; fileEncoding = 4; lastKnownFileType = sourcecode.c.h; path = StationsListTVC.h; sourceTree = "<group>"; };
		5C9E107216BFA721009903E5 /* StationsListTVC.m */ = {isa = PBXFileReference; fileEncoding = 4; lastKnownFileType = sourcecode.c.objc; path = StationsListTVC.m; sourceTree = "<group>"; };
		5CBB9D7116B7C0CB00E27A34 /* MBProgressHUD.h */ = {isa = PBXFileReference; fileEncoding = 4; lastKnownFileType = sourcecode.c.h; path = MBProgressHUD.h; sourceTree = "<group>"; };
		5CBB9D7216B7C0CB00E27A34 /* MBProgressHUD.m */ = {isa = PBXFileReference; fileEncoding = 4; lastKnownFileType = sourcecode.c.objc; path = MBProgressHUD.m; sourceTree = "<group>"; };
		5CBB9D7416B8208C00E27A34 /* PullToRefreshView.h */ = {isa = PBXFileReference; fileEncoding = 4; lastKnownFileType = sourcecode.c.h; path = PullToRefreshView.h; sourceTree = "<group>"; };
		5CBB9D7516B8208C00E27A34 /* PullToRefreshView.m */ = {isa = PBXFileReference; fileEncoding = 4; lastKnownFileType = sourcecode.c.objc; path = PullToRefreshView.m; sourceTree = "<group>"; };
		5CBB9D7716B8210800E27A34 /* arrow.png */ = {isa = PBXFileReference; lastKnownFileType = image.png; path = arrow.png; sourceTree = "<group>"; };
		5CBB9D7816B8210800E27A34 /* arrow@2x.png */ = {isa = PBXFileReference; lastKnownFileType = image.png; path = "arrow@2x.png"; sourceTree = "<group>"; };
		5CBB9D7916B8210800E27A34 /* pop.wav */ = {isa = PBXFileReference; lastKnownFileType = audio.wav; path = pop.wav; sourceTree = "<group>"; };
		5CBB9D7A16B8210800E27A34 /* psst1.wav */ = {isa = PBXFileReference; lastKnownFileType = audio.wav; path = psst1.wav; sourceTree = "<group>"; };
		5CBB9D8016B821E000E27A34 /* QuartzCore.framework */ = {isa = PBXFileReference; lastKnownFileType = wrapper.framework; name = QuartzCore.framework; path = System/Library/Frameworks/QuartzCore.framework; sourceTree = SDKROOT; };
		5CC6AA8C16BA52790012F514 /* trainCell.h */ = {isa = PBXFileReference; fileEncoding = 4; lastKnownFileType = sourcecode.c.h; path = trainCell.h; sourceTree = "<group>"; };
		5CC6AA8D16BA52790012F514 /* trainCell.m */ = {isa = PBXFileReference; fileEncoding = 4; lastKnownFileType = sourcecode.c.objc; path = trainCell.m; sourceTree = "<group>"; };
		5CD20F6E14DAFB0A00BE45C0 /* API-dumps.rtf */ = {isa = PBXFileReference; fileEncoding = 4; lastKnownFileType = text.rtf; path = "API-dumps.rtf"; sourceTree = "<group>"; };
		5CD69FB314DC3E100039CA07 /* Settings.h */ = {isa = PBXFileReference; fileEncoding = 4; lastKnownFileType = sourcecode.c.h; path = Settings.h; sourceTree = "<group>"; };
		5CD69FB414DC3E100039CA07 /* Settings.m */ = {isa = PBXFileReference; fileEncoding = 4; lastKnownFileType = sourcecode.c.objc; path = Settings.m; sourceTree = "<group>"; };
		5CFE868D16B192CF0040882E /* CoreLocation.framework */ = {isa = PBXFileReference; lastKnownFileType = wrapper.framework; name = CoreLocation.framework; path = System/Library/Frameworks/CoreLocation.framework; sourceTree = SDKROOT; };
		5CFE869016B1934A0040882E /* CoreLocationController.h */ = {isa = PBXFileReference; fileEncoding = 4; lastKnownFileType = sourcecode.c.h; path = CoreLocationController.h; sourceTree = "<group>"; };
		5CFE869116B1934A0040882E /* CoreLocationController.m */ = {isa = PBXFileReference; fileEncoding = 4; lastKnownFileType = sourcecode.c.objc; path = CoreLocationController.m; sourceTree = "<group>"; };
/* End PBXFileReference section */

/* Begin PBXFrameworksBuildPhase section */
		5C5E124414C40D14003C79F0 /* Frameworks */ = {
			isa = PBXFrameworksBuildPhase;
			buildActionMask = 2147483647;
			files = (
				5CBB9D8116B821E000E27A34 /* QuartzCore.framework in Frameworks */,
				5CFE868E16B192CF0040882E /* CoreLocation.framework in Frameworks */,
				5C5E124C14C40D14003C79F0 /* UIKit.framework in Frameworks */,
				5C5E124E14C40D14003C79F0 /* Foundation.framework in Frameworks */,
				5C5E125014C40D14003C79F0 /* CoreGraphics.framework in Frameworks */,
			);
			runOnlyForDeploymentPostprocessing = 0;
		};
/* End PBXFrameworksBuildPhase section */

/* Begin PBXGroup section */
		5C5E123C14C40D14003C79F0 = {
			isa = PBXGroup;
			children = (
				5CBB9D7F16B8211E00E27A34 /* Assets */,
				5C5E127614CDC9BB003C79F0 /* Slask */,
				5CBB9D6F16B7C0AD00E27A34 /* Libs */,
				5C5E125114C40D14003C79F0 /* Pendeln */,
				5C5E124A14C40D14003C79F0 /* Frameworks */,
				5C5E124814C40D14003C79F0 /* Products */,
			);
			sourceTree = "<group>";
		};
		5C5E124814C40D14003C79F0 /* Products */ = {
			isa = PBXGroup;
			children = (
				5C5E124714C40D14003C79F0 /* Pendeln.app */,
			);
			name = Products;
			sourceTree = "<group>";
		};
		5C5E124A14C40D14003C79F0 /* Frameworks */ = {
			isa = PBXGroup;
			children = (
				5CBB9D8016B821E000E27A34 /* QuartzCore.framework */,
				5CFE868D16B192CF0040882E /* CoreLocation.framework */,
				5C5E124B14C40D14003C79F0 /* UIKit.framework */,
				5C5E124D14C40D14003C79F0 /* Foundation.framework */,
				5C5E124F14C40D14003C79F0 /* CoreGraphics.framework */,
			);
			name = Frameworks;
			sourceTree = "<group>";
		};
		5C5E125114C40D14003C79F0 /* Pendeln */ = {
			isa = PBXGroup;
			children = (
				5C5E125D14C40D14003C79F0 /* MainStoryboard.storyboard */,
				5C9E107116BFA721009903E5 /* StationsListTVC.h */,
				5C9E107216BFA721009903E5 /* StationsListTVC.m */,
				5C9E106E16BF978C009903E5 /* SettingsTVC.h */,
				5C9E106F16BF978C009903E5 /* SettingsTVC.m */,
				5CC6AA8C16BA52790012F514 /* trainCell.h */,
				5CC6AA8D16BA52790012F514 /* trainCell.m */,
				5CFE869016B1934A0040882E /* CoreLocationController.h */,
				5CFE869116B1934A0040882E /* CoreLocationController.m */,
				5C5E126814C40D99003C79F0 /* PendelnTableViewController.h */,
				5C5E126914C40D99003C79F0 /* PendelnTableViewController.m */,
				5C0BCB4314D850700014D615 /* SB-SJ-API.h */,
				5C0BCB4414D850700014D615 /* SB-SJ-API.m */,
				5CD69FB314DC3E100039CA07 /* Settings.h */,
				5CD69FB414DC3E100039CA07 /* Settings.m */,
				5CD20F6E14DAFB0A00BE45C0 /* API-dumps.rtf */,
				5C5E125214C40D14003C79F0 /* Supporting Files */,
			);
			path = Pendeln;
			sourceTree = "<group>";
		};
		5C5E125214C40D14003C79F0 /* Supporting Files */ = {
			isa = PBXGroup;
			children = (
				5C5E125314C40D14003C79F0 /* Pendeln-Info.plist */,
				5C5E125414C40D14003C79F0 /* InfoPlist.strings */,
				5C5E125714C40D14003C79F0 /* main.m */,
				5C5E125914C40D14003C79F0 /* Pendeln-Prefix.pch */,
			);
			name = "Supporting Files";
			sourceTree = "<group>";
		};
		5C5E127614CDC9BB003C79F0 /* Slask */ = {
			isa = PBXGroup;
			children = (
				5C5E125A14C40D14003C79F0 /* PendelnAppDelegate.h */,
				5C5E125B14C40D14003C79F0 /* PendelnAppDelegate.m */,
				5C5E126014C40D14003C79F0 /* PendelnViewController.h */,
				5C5E126114C40D14003C79F0 /* PendelnViewController.m */,
			);
			name = Slask;
			sourceTree = "<group>";
		};
		5CBB9D6F16B7C0AD00E27A34 /* Libs */ = {
			isa = PBXGroup;
			children = (
				5CBB9D7416B8208C00E27A34 /* PullToRefreshView.h */,
				5CBB9D7516B8208C00E27A34 /* PullToRefreshView.m */,
				5CBB9D7116B7C0CB00E27A34 /* MBProgressHUD.h */,
				5CBB9D7216B7C0CB00E27A34 /* MBProgressHUD.m */,
			);
			name = Libs;
			path = Pendeln;
			sourceTree = "<group>";
		};
		5CBB9D7F16B8211E00E27A34 /* Assets */ = {
			isa = PBXGroup;
			children = (
				5CBB9D7716B8210800E27A34 /* arrow.png */,
				5C736B8516BC08F300B6CC35 /* tableCellBg.png */,
				5CBB9D7816B8210800E27A34 /* arrow@2x.png */,
				5CBB9D7916B8210800E27A34 /* pop.wav */,
				5CBB9D7A16B8210800E27A34 /* psst1.wav */,
			);
			name = Assets;
			sourceTree = "<group>";
		};
/* End PBXGroup section */

/* Begin PBXNativeTarget section */
		5C5E124614C40D14003C79F0 /* Pendeln */ = {
			isa = PBXNativeTarget;
			buildConfigurationList = 5C5E126514C40D14003C79F0 /* Build configuration list for PBXNativeTarget "Pendeln" */;
			buildPhases = (
				5C5E124314C40D14003C79F0 /* Sources */,
				5C5E124414C40D14003C79F0 /* Frameworks */,
				5C5E124514C40D14003C79F0 /* Resources */,
			);
			buildRules = (
			);
			dependencies = (
			);
			name = Pendeln;
			productName = Pendeln;
			productReference = 5C5E124714C40D14003C79F0 /* Pendeln.app */;
			productType = "com.apple.product-type.application";
		};
/* End PBXNativeTarget section */

/* Begin PBXProject section */
		5C5E123E14C40D14003C79F0 /* Project object */ = {
			isa = PBXProject;
			attributes = {
				LastUpgradeCheck = 0420;
				ORGANIZATIONNAME = "Bilddagboken AB";
			};
			buildConfigurationList = 5C5E124114C40D14003C79F0 /* Build configuration list for PBXProject "Pendeln" */;
			compatibilityVersion = "Xcode 3.2";
			developmentRegion = English;
			hasScannedForEncodings = 0;
			knownRegions = (
				en,
			);
			mainGroup = 5C5E123C14C40D14003C79F0;
			productRefGroup = 5C5E124814C40D14003C79F0 /* Products */;
			projectDirPath = "";
			projectRoot = "";
			targets = (
				5C5E124614C40D14003C79F0 /* Pendeln */,
			);
		};
/* End PBXProject section */

/* Begin PBXResourcesBuildPhase section */
		5C5E124514C40D14003C79F0 /* Resources */ = {
			isa = PBXResourcesBuildPhase;
			buildActionMask = 2147483647;
			files = (
				5C5E125614C40D14003C79F0 /* InfoPlist.strings in Resources */,
				5C5E125F14C40D14003C79F0 /* MainStoryboard.storyboard in Resources */,
				5CD20F6F14DAFB0A00BE45C0 /* API-dumps.rtf in Resources */,
				5CBB9D7B16B8210800E27A34 /* arrow.png in Resources */,
				5CBB9D7C16B8210800E27A34 /* arrow@2x.png in Resources */,
				5CBB9D7D16B8210800E27A34 /* pop.wav in Resources */,
				5CBB9D7E16B8210800E27A34 /* psst1.wav in Resources */,
				5C736B8616BC08F300B6CC35 /* tableCellBg.png in Resources */,
			);
			runOnlyForDeploymentPostprocessing = 0;
		};
/* End PBXResourcesBuildPhase section */

/* Begin PBXSourcesBuildPhase section */
		5C5E124314C40D14003C79F0 /* Sources */ = {
			isa = PBXSourcesBuildPhase;
			buildActionMask = 2147483647;
			files = (
				5C5E125814C40D14003C79F0 /* main.m in Sources */,
				5C5E125C14C40D14003C79F0 /* PendelnAppDelegate.m in Sources */,
				5C5E126214C40D14003C79F0 /* PendelnViewController.m in Sources */,
				5C5E126A14C40D99003C79F0 /* PendelnTableViewController.m in Sources */,
				5C0BCB4514D850700014D615 /* SB-SJ-API.m in Sources */,
				5CD69FB514DC3E100039CA07 /* Settings.m in Sources */,
				5CFE869216B1934A0040882E /* CoreLocationController.m in Sources */,
				5CBB9D7316B7C0CB00E27A34 /* MBProgressHUD.m in Sources */,
				5CBB9D7616B8208C00E27A34 /* PullToRefreshView.m in Sources */,
				5CC6AA8E16BA52790012F514 /* trainCell.m in Sources */,
				5C9E107016BF978C009903E5 /* SettingsTVC.m in Sources */,
				5C9E107316BFA721009903E5 /* StationsListTVC.m in Sources */,
			);
			runOnlyForDeploymentPostprocessing = 0;
		};
/* End PBXSourcesBuildPhase section */

/* Begin PBXVariantGroup section */
		5C5E125414C40D14003C79F0 /* InfoPlist.strings */ = {
			isa = PBXVariantGroup;
			children = (
				5C5E125514C40D14003C79F0 /* en */,
			);
			name = InfoPlist.strings;
			sourceTree = "<group>";
		};
		5C5E125D14C40D14003C79F0 /* MainStoryboard.storyboard */ = {
			isa = PBXVariantGroup;
			children = (
				5C5E125E14C40D14003C79F0 /* en */,
			);
			name = MainStoryboard.storyboard;
			sourceTree = "<group>";
		};
/* End PBXVariantGroup section */

/* Begin XCBuildConfiguration section */
		5C5E126314C40D14003C79F0 /* Debug */ = {
			isa = XCBuildConfiguration;
			buildSettings = {
				ALWAYS_SEARCH_USER_PATHS = NO;
				ARCHS = "$(ARCHS_STANDARD_32_BIT)";
				CLANG_ENABLE_OBJC_ARC = YES;
				"CODE_SIGN_IDENTITY[sdk=iphoneos*]" = "iPhone Distribution: Bilddagboken AB";
				COPY_PHASE_STRIP = NO;
				GCC_C_LANGUAGE_STANDARD = gnu99;
				GCC_DYNAMIC_NO_PIC = NO;
				GCC_OPTIMIZATION_LEVEL = 0;
				GCC_PREPROCESSOR_DEFINITIONS = (
					"DEBUG=1",
					"$(inherited)",
				);
				GCC_SYMBOLS_PRIVATE_EXTERN = NO;
				GCC_VERSION = com.apple.compilers.llvm.clang.1_0;
				GCC_WARN_ABOUT_MISSING_PROTOTYPES = YES;
				GCC_WARN_ABOUT_RETURN_TYPE = YES;
				GCC_WARN_UNUSED_VARIABLE = YES;
				IPHONEOS_DEPLOYMENT_TARGET = 5.0;
				"PROVISIONING_PROFILE[sdk=iphoneos*]" = "";
				SDKROOT = iphoneos;
			};
			name = Debug;
		};
		5C5E126414C40D14003C79F0 /* Release */ = {
			isa = XCBuildConfiguration;
			buildSettings = {
				ALWAYS_SEARCH_USER_PATHS = NO;
				ARCHS = "$(ARCHS_STANDARD_32_BIT)";
				CLANG_ENABLE_OBJC_ARC = YES;
				"CODE_SIGN_IDENTITY[sdk=iphoneos*]" = "iPhone Distribution: Bilddagboken AB";
				COPY_PHASE_STRIP = YES;
				GCC_C_LANGUAGE_STANDARD = gnu99;
				GCC_VERSION = com.apple.compilers.llvm.clang.1_0;
				GCC_WARN_ABOUT_MISSING_PROTOTYPES = YES;
				GCC_WARN_ABOUT_RETURN_TYPE = YES;
				GCC_WARN_UNUSED_VARIABLE = YES;
				IPHONEOS_DEPLOYMENT_TARGET = 5.0;
				OTHER_CFLAGS = "-DNS_BLOCK_ASSERTIONS=1";
				"PROVISIONING_PROFILE[sdk=iphoneos*]" = "";
				SDKROOT = iphoneos;
				VALIDATE_PRODUCT = YES;
			};
			name = Release;
		};
		5C5E126614C40D14003C79F0 /* Debug */ = {
			isa = XCBuildConfiguration;
			buildSettings = {
				GCC_PRECOMPILE_PREFIX_HEADER = YES;
				GCC_PREFIX_HEADER = "Pendeln/Pendeln-Prefix.pch";
				INFOPLIST_FILE = "Pendeln/Pendeln-Info.plist";
				PRODUCT_NAME = "$(TARGET_NAME)";
				WRAPPER_EXTENSION = app;
			};
			name = Debug;
		};
		5C5E126714C40D14003C79F0 /* Release */ = {
			isa = XCBuildConfiguration;
			buildSettings = {
				GCC_PRECOMPILE_PREFIX_HEADER = YES;
				GCC_PREFIX_HEADER = "Pendeln/Pendeln-Prefix.pch";
				INFOPLIST_FILE = "Pendeln/Pendeln-Info.plist";
				PRODUCT_NAME = "$(TARGET_NAME)";
				WRAPPER_EXTENSION = app;
			};
			name = Release;
		};
/* End XCBuildConfiguration section */

/* Begin XCConfigurationList section */
		5C5E124114C40D14003C79F0 /* Build configuration list for PBXProject "Pendeln" */ = {
			isa = XCConfigurationList;
			buildConfigurations = (
				5C5E126314C40D14003C79F0 /* Debug */,
				5C5E126414C40D14003C79F0 /* Release */,
			);
			defaultConfigurationIsVisible = 0;
			defaultConfigurationName = Release;
		};
		5C5E126514C40D14003C79F0 /* Build configuration list for PBXNativeTarget "Pendeln" */ = {
			isa = XCConfigurationList;
			buildConfigurations = (
				5C5E126614C40D14003C79F0 /* Debug */,
				5C5E126714C40D14003C79F0 /* Release */,
			);
			defaultConfigurationIsVisible = 0;
			defaultConfigurationName = Release;
		};
/* End XCConfigurationList section */
	};
	rootObject = 5C5E123E14C40D14003C79F0 /* Project object */;
}
